{
  "requires": true,
  "lockfileVersion": 1,
  "dependencies": {
    "asynckit": {
      "version": "0.4.0",
      "resolved": "http://vimond.artifactoryonline.com/vimond/api/npm/npm-virtual/asynckit/-/asynckit-0.4.0.tgz",
      "integrity": "sha1-x57Zf380y48robyXkLzDZkdLS3k="
    },
    "axios": {
      "version": "0.18.0",
      "resolved": "http://vimond.artifactoryonline.com/vimond/api/npm/npm-virtual/axios/-/axios-0.18.0.tgz",
      "integrity": "sha1-MtU+SFHv3AoRmTts0AB4nXDAUQI=",
      "requires": {
        "follow-redirects": "1.4.1",
        "is-buffer": "1.1.6"
      }
    },
    "combined-stream": {
      "version": "1.0.6",
      "resolved": "http://vimond.artifactoryonline.com/vimond/api/npm/npm-virtual/combined-stream/-/combined-stream-1.0.6.tgz",
      "integrity": "sha1-cj599ugBrFYTETp+RFqbactjKBg=",
      "requires": {
        "delayed-stream": "1.0.0"
      }
    },
    "debug": {
      "version": "3.1.0",
      "resolved": "http://vimond.artifactoryonline.com/vimond/api/npm/npm-virtual/debug/-/debug-3.1.0.tgz",
      "integrity": "sha1-W7WgZyYotkFJVmuhaBnmFRjGcmE=",
      "requires": {
        "ms": "2.0.0"
      }
    },
    "delayed-stream": {
      "version": "1.0.0",
      "resolved": "http://vimond.artifactoryonline.com/vimond/api/npm/npm-virtual/delayed-stream/-/delayed-stream-1.0.0.tgz",
      "integrity": "sha1-3zrhmayt+31ECqrgsp4icrJOxhk="
    },
    "follow-redirects": {
      "version": "1.4.1",
      "resolved": "http://vimond.artifactoryonline.com/vimond/api/npm/npm-virtual/follow-redirects/-/follow-redirects-1.4.1.tgz",
      "integrity": "sha1-2BIPRRgZD1Wqxlu2/HuF/NZm1qo=",
      "requires": {
        "debug": "3.1.0"
      }
    },
    "form-data": {
      "version": "2.3.2",
      "resolved": "http://vimond.artifactoryonline.com/vimond/api/npm/npm-virtual/form-data/-/form-data-2.3.2.tgz",
      "integrity": "sha1-SXBJi+YEwgwAXU9cI67NIda0kJk=",
      "requires": {
        "asynckit": "0.4.0",
        "combined-stream": "1.0.6",
        "mime-types": "2.1.18"
      }
    },
    "is-buffer": {
      "version": "1.1.6",
      "resolved": "http://vimond.artifactoryonline.com/vimond/api/npm/npm-virtual/is-buffer/-/is-buffer-1.1.6.tgz",
      "integrity": "sha1-76ouqdqg16suoTqXsritUf776L4="
    },
    "lodash.get": {
      "version": "4.4.2",
      "resolved": "http://vimond.artifactoryonline.com/vimond/api/npm/npm-virtual/lodash.get/-/lodash.get-4.4.2.tgz",
      "integrity": "sha1-LRd/ZS+jHpObRDjVNBSZ36OCXpk="
    },
    "lodash.merge": {
      "version": "4.6.1",
      "resolved": "http://vimond.artifactoryonline.com/vimond/api/npm/npm-virtual/lodash.merge/-/lodash.merge-4.6.1.tgz",
      "integrity": "sha1-rcJdnLmbk5HFliTzefu6YNcRHVQ="
    },
    "lodash.set": {
      "version": "4.3.2",
      "resolved": "http://vimond.artifactoryonline.com/vimond/api/npm/npm-virtual/lodash.set/-/lodash.set-4.3.2.tgz",
      "integrity": "sha1-2HV7HagH3eJIFrDWqEvqGnYjCyM="
    },
    "mime-db": {
      "version": "1.33.0",
      "resolved": "http://vimond.artifactoryonline.com/vimond/api/npm/npm-virtual/mime-db/-/mime-db-1.33.0.tgz",
      "integrity": "sha1-o0kgUKXLm2NFBUHjnZeI0icng9s="
    },
    "mime-types": {
      "version": "2.1.18",
      "resolved": "http://vimond.artifactoryonline.com/vimond/api/npm/npm-virtual/mime-types/-/mime-types-2.1.18.tgz",
      "integrity": "sha1-bzI/YKg9ERRvgx/xH9ZuL+VQO7g=",
      "requires": {
        "mime-db": "1.33.0"
      }
    },
    "ms": {
      "version": "2.0.0",
      "resolved": "http://vimond.artifactoryonline.com/vimond/api/npm/npm-virtual/ms/-/ms-2.0.0.tgz",
      "integrity": "sha1-VgiurfwAvmwpAd9fmGF4jeDVl8g="
    },
    "node-fetch": {
      "version": "2.0.0-alpha.9",
      "resolved": "http://vimond.artifactoryonline.com/vimond/api/npm/npm-virtual/node-fetch/-/node-fetch-2.0.0-alpha.9.tgz",
      "integrity": "sha1-mQwGNPUQ92RJoNb26uyWsi8nNig="
    },
    "syncano-server": {
      "version": "1.0.1-14",
      "resolved": "http://vimond.artifactoryonline.com/vimond/api/npm/npm-virtual/syncano-server/-/syncano-server-1.0.1-14.tgz",
      "integrity": "sha1-wQFPtiHhmsm7VJxPoUIggLe3SvU=",
      "requires": {
        "form-data": "2.3.2",
        "lodash.get": "4.4.2",
        "lodash.merge": "4.6.1",
        "lodash.set": "4.3.2",
        "node-fetch": "2.0.0-alpha.9"
      }
    }
  }
}
